
Microsoft Visual Studio Solution File, Format Version 12.00
# Visual Studio 15
VisualStudioVersion = 15.0.27703.2000
MinimumVisualStudioVersion = 10.0.40219.1
Project("{9A19103F-16F7-4668-BE54-9A1E7A4F7556}") = "RxPlayground", "RxPlayground\RxPlayground.csproj", "{BBF4551F-A2B1-4E93-A47D-754A7C855362}"
EndProject
Project("{2150E333-8FDC-42A3-9474-1A3956D46DE8}") = "Solution Items", "Solution Items", "{744637E0-5525-4CE6-9496-96C0568BBCAD}"
	ProjectSection(SolutionItems) = preProject
		..\paket.dependencies = ..\paket.dependencies
	EndProjectSection
EndProject
Global
	GlobalSection(SolutionConfigurationPlatforms) = preSolution
		Debug|Any CPU = Debug|Any CPU
		Release|Any CPU = Release|Any CPU
	EndGlobalSection
	GlobalSection(ProjectConfigurationPlatforms) = postSolution
		{BBF4551F-A2B1-4E93-A47D-754A7C855362}.Debug|Any CPU.ActiveCfg = Debug|Any CPU
		{BBF4551F-A2B1-4E93-A47D-754A7C855362}.Debug|Any CPU.Build.0 = Debug|Any CPU
		{BBF4551F-A2B1-4E93-A47D-754A7C855362}.Release|Any CPU.ActiveCfg = Release|Any CPU
		{BBF4551F-A2B1-4E93-A47D-754A7C855362}.Release|Any CPU.Build.0 = Release|Any CPU
	EndGlobalSection
	GlobalSection(SolutionProperties) = preSolution
		HideSolutionNode = FALSE
	EndGlobalSection
	GlobalSection(ExtensibilityGlobals) = postSolution
		SolutionGuid = {B666884E-0B04-4012-A439-5D87A4A0514E}
	EndGlobalSection
EndGlobal
